
Microsoft Visual Studio Solution File, Format Version 12.00
# Visual Studio Version 17
VisualStudioVersion = 17.4.33205.214
MinimumVisualStudioVersion = 10.0.40219.1
Project("{9A19103F-16F7-4668-BE54-9A1E7A4F7556}") = "Task Application WPF", "Task Application WPF.csproj", "{24CBF0B6-C140-4AD4-AD3F-9934161FAEFE}"
EndProject
Global
	GlobalSection(SolutionConfigurationPlatforms) = preSolution
		Debug|Any CPU = Debug|Any CPU
		Release|Any CPU = Release|Any CPU
	EndGlobalSection
	GlobalSection(ProjectConfigurationPlatforms) = postSolution
		{24CBF0B6-C140-4AD4-AD3F-9934161FAEFE}.Debug|Any CPU.ActiveCfg = Debug|Any CPU
		{24CBF0B6-C140-4AD4-AD3F-9934161FAEFE}.Debug|Any CPU.Build.0 = Debug|Any CPU
		{24CBF0B6-C140-4AD4-AD3F-9934161FAEFE}.Release|Any CPU.ActiveCfg = Release|Any CPU
		{24CBF0B6-C140-4AD4-AD3F-9934161FAEFE}.Release|Any CPU.Build.0 = Release|Any CPU
	EndGlobalSection
	GlobalSection(SolutionProperties) = preSolution
		HideSolutionNode = FALSE
	EndGlobalSection
	GlobalSection(ExtensibilityGlobals) = postSolution
		SolutionGuid = {7AAAD5BB-6145-4A6B-8290-C058319CB886}
	EndGlobalSection
EndGlobal
